
Microsoft Visual Studio Solution File, Format Version 12.00
# Visual Studio 14
VisualStudioVersion = 14.0.25420.1
MinimumVisualStudioVersion = 10.0.40219.1
Project("{FAE04EC0-301F-11D3-BF4B-00C04F79EFBC}") = "AGVWpfSystem", "AGVWpfSystem\AGVWpfSystem.csproj", "{30E0EF14-07BD-47D5-98D5-2D4AE1B84A52}"
EndProject
Project("{FAE04EC0-301F-11D3-BF4B-00C04F79EFBC}") = "ControlObjects", "ControlObjects\ControlObjects.csproj", "{3D55BCD7-3626-4247-8E87-762ECC484F5E}"
EndProject
Global
	GlobalSection(SolutionConfigurationPlatforms) = preSolution
		Debug|Any CPU = Debug|Any CPU
		Release|Any CPU = Release|Any CPU
	EndGlobalSection
	GlobalSection(ProjectConfigurationPlatforms) = postSolution
		{30E0EF14-07BD-47D5-98D5-2D4AE1B84A52}.Debug|Any CPU.ActiveCfg = Debug|Any CPU
		{30E0EF14-07BD-47D5-98D5-2D4AE1B84A52}.Debug|Any CPU.Build.0 = Debug|Any CPU
		{30E0EF14-07BD-47D5-98D5-2D4AE1B84A52}.Release|Any CPU.ActiveCfg = Release|Any CPU
		{30E0EF14-07BD-47D5-98D5-2D4AE1B84A52}.Release|Any CPU.Build.0 = Release|Any CPU
		{3D55BCD7-3626-4247-8E87-762ECC484F5E}.Debug|Any CPU.ActiveCfg = Debug|Any CPU
		{3D55BCD7-3626-4247-8E87-762ECC484F5E}.Debug|Any CPU.Build.0 = Debug|Any CPU
		{3D55BCD7-3626-4247-8E87-762ECC484F5E}.Release|Any CPU.ActiveCfg = Release|Any CPU
		{3D55BCD7-3626-4247-8E87-762ECC484F5E}.Release|Any CPU.Build.0 = Release|Any CPU
	EndGlobalSection
	GlobalSection(SolutionProperties) = preSolution
		HideSolutionNode = FALSE
	EndGlobalSection
EndGlobal
